// !$*UTF8*$!
{
	archiveVersion = 1;
	classes = {
	};
	objectVersion = 45;
	objects = {

/* Begin PBXBuildFile section */
		7533202D10091AF0003756A8 /* OpenGL.framework in Frameworks */ = {isa = PBXBuildFile; fileRef = 7533202C10091AF0003756A8 /* OpenGL.framework */; };
		7533202F10091AF0003756A8 /* Quartz.framework in Frameworks */ = {isa = PBXBuildFile; fileRef = 7533202E10091AF0003756A8 /* Quartz.framework */; };
		8D5B49B4048680CD000E48DA /* Cocoa.framework in Frameworks */ = {isa = PBXBuildFile; fileRef = 1058C7ADFEA557BF11CA2CBB /* Cocoa.framework */; };
		8F058D08135307CF00489FCB /* DepthofFieldUI.nib in Resources */ = {isa = PBXBuildFile; fileRef = 8F058D06135307CF00489FCB /* DepthofFieldUI.nib */; };
		8F058D0E135309CF00489FCB /* DepthofField.m in Sources */ = {isa = PBXBuildFile; fileRef = 8F058D0D135309CF00489FCB /* DepthofField.m */; };
		8F058D11135309DB00489FCB /* DepthofFieldUI.m in Sources */ = {isa = PBXBuildFile; fileRef = 8F058D10135309DB00489FCB /* DepthofFieldUI.m */; };
		8F058D3D13530C8100489FCB /* Info.plist in Resources */ = {isa = PBXBuildFile; fileRef = 8F058D3C13530C8100489FCB /* Info.plist */; };
		8F37ADB8135306DA007A8238 /* S9FBO.m in Sources */ = {isa = PBXBuildFile; fileRef = 8F37ADB1135306DA007A8238 /* S9FBO.m */; };
		8F37ADB9135306DA007A8238 /* S9FBO2D.m in Sources */ = {isa = PBXBuildFile; fileRef = 8F37ADB3135306DA007A8238 /* S9FBO2D.m */; };
		8F37ADBA135306DA007A8238 /* S9Math.c in Sources */ = {isa = PBXBuildFile; fileRef = 8F37ADB4135306DA007A8238 /* S9Math.c */; };
		8F37ADBB135306DA007A8238 /* S9Shader.m in Sources */ = {isa = PBXBuildFile; fileRef = 8F37ADB7135306DA007A8238 /* S9Shader.m */; };
		8F37ADBF135306FF007A8238 /* DepthofFieldPrincipal.m in Sources */ = {isa = PBXBuildFile; fileRef = 8F37ADBE135306FF007A8238 /* DepthofFieldPrincipal.m */; };
/* End PBXBuildFile section */

/* Begin PBXFileReference section */
		1058C7ADFEA557BF11CA2CBB /* Cocoa.framework */ = {isa = PBXFileReference; lastKnownFileType = wrapper.framework; name = Cocoa.framework; path = /System/Library/Frameworks/Cocoa.framework; sourceTree = "<absolute>"; };
		2AA7F9E110D13B7000A2DD16 /* SkankySDK.framework */ = {isa = PBXFileReference; lastKnownFileType = wrapper.framework; name = SkankySDK.framework; path = /Library/Frameworks/SkankySDK.framework; sourceTree = "<absolute>"; };
		7533202C10091AF0003756A8 /* OpenGL.framework */ = {isa = PBXFileReference; lastKnownFileType = wrapper.framework; name = OpenGL.framework; path = /System/Library/Frameworks/OpenGL.framework; sourceTree = "<absolute>"; };
		7533202E10091AF0003756A8 /* Quartz.framework */ = {isa = PBXFileReference; lastKnownFileType = wrapper.framework; name = Quartz.framework; path = /System/Library/Frameworks/Quartz.framework; sourceTree = "<absolute>"; };
		8D5B49B6048680CD000E48DA /* DepthofField.plugin */ = {isa = PBXFileReference; explicitFileType = wrapper.cfbundle; includeInIndex = 0; path = DepthofField.plugin; sourceTree = BUILT_PRODUCTS_DIR; };
		8F058D07135307CF00489FCB /* English */ = {isa = PBXFileReference; lastKnownFileType = wrapper.nib; name = English; path = English.lproj/DepthofFieldUI.nib; sourceTree = "<group>"; };
		8F058D0C135309CF00489FCB /* DepthofField.h */ = {isa = PBXFileReference; fileEncoding = 4; lastKnownFileType = sourcecode.c.h; path = DepthofField.h; sourceTree = "<group>"; };
		8F058D0D135309CF00489FCB /* DepthofField.m */ = {isa = PBXFileReference; fileEncoding = 4; lastKnownFileType = sourcecode.c.objc; path = DepthofField.m; sourceTree = "<group>"; };
		8F058D0F135309DB00489FCB /* DepthofFieldUI.h */ = {isa = PBXFileReference; fileEncoding = 4; lastKnownFileType = sourcecode.c.h; path = DepthofFieldUI.h; sourceTree = "<group>"; };
		8F058D10135309DB00489FCB /* DepthofFieldUI.m */ = {isa = PBXFileReference; fileEncoding = 4; lastKnownFileType = sourcecode.c.objc; path = DepthofFieldUI.m; sourceTree = "<group>"; };
		8F058D3C13530C8100489FCB /* Info.plist */ = {isa = PBXFileReference; fileEncoding = 4; lastKnownFileType = text.plist.xml; path = Info.plist; sourceTree = "<group>"; };
		8F37ADB0135306DA007A8238 /* S9FBO.h */ = {isa = PBXFileReference; fileEncoding = 4; lastKnownFileType = sourcecode.c.h; name = S9FBO.h; path = ../SoftShadows/util/S9FBO.h; sourceTree = SOURCE_ROOT; };
		8F37ADB1135306DA007A8238 /* S9FBO.m */ = {isa = PBXFileReference; fileEncoding = 4; lastKnownFileType = sourcecode.c.objc; name = S9FBO.m; path = ../SoftShadows/util/S9FBO.m; sourceTree = SOURCE_ROOT; };
		8F37ADB2135306DA007A8238 /* S9FBO2D.h */ = {isa = PBXFileReference; fileEncoding = 4; lastKnownFileType = sourcecode.c.h; name = S9FBO2D.h; path = ../SoftShadows/util/S9FBO2D.h; sourceTree = SOURCE_ROOT; };
		8F37ADB3135306DA007A8238 /* S9FBO2D.m */ = {isa = PBXFileReference; fileEncoding = 4; lastKnownFileType = sourcecode.c.objc; name = S9FBO2D.m; path = ../SoftShadows/util/S9FBO2D.m; sourceTree = SOURCE_ROOT; };
		8F37ADB4135306DA007A8238 /* S9Math.c */ = {isa = PBXFileReference; fileEncoding = 4; lastKnownFileType = sourcecode.c.c; name = S9Math.c; path = ../SoftShadows/util/S9Math.c; sourceTree = SOURCE_ROOT; };
		8F37ADB5135306DA007A8238 /* S9Math.h */ = {isa = PBXFileReference; fileEncoding = 4; lastKnownFileType = sourcecode.c.h; name = S9Math.h; path = ../SoftShadows/util/S9Math.h; sourceTree = SOURCE_ROOT; };
		8F37ADB6135306DA007A8238 /* S9Shader.h */ = {isa = PBXFileReference; fileEncoding = 4; lastKnownFileType = sourcecode.c.h; name = S9Shader.h; path = ../SoftShadows/util/S9Shader.h; sourceTree = SOURCE_ROOT; };
		8F37ADB7135306DA007A8238 /* S9Shader.m */ = {isa = PBXFileReference; fileEncoding = 4; lastKnownFileType = sourcecode.c.objc; name = S9Shader.m; path = ../SoftShadows/util/S9Shader.m; sourceTree = SOURCE_ROOT; };
		8F37ADBD135306FF007A8238 /* DepthofFieldPrincipal.h */ = {isa = PBXFileReference; fileEncoding = 4; lastKnownFileType = sourcecode.c.h; path = DepthofFieldPrincipal.h; sourceTree = "<group>"; };
		8F37ADBE135306FF007A8238 /* DepthofFieldPrincipal.m */ = {isa = PBXFileReference; fileEncoding = 4; lastKnownFileType = sourcecode.c.objc; path = DepthofFieldPrincipal.m; sourceTree = "<group>"; };
		8F37ADC01353070C007A8238 /* DepthofField_Prefix.pch */ = {isa = PBXFileReference; fileEncoding = 4; lastKnownFileType = sourcecode.c.h; path = DepthofField_Prefix.pch; sourceTree = "<group>"; };
/* End PBXFileReference section */

/* Begin PBXFrameworksBuildPhase section */
		8D5B49B3048680CD000E48DA /* Frameworks */ = {
			isa = PBXFrameworksBuildPhase;
			buildActionMask = 2147483647;
			files = (
				8D5B49B4048680CD000E48DA /* Cocoa.framework in Frameworks */,
				7533202D10091AF0003756A8 /* OpenGL.framework in Frameworks */,
				7533202F10091AF0003756A8 /* Quartz.framework in Frameworks */,
			);
			runOnlyForDeploymentPostprocessing = 0;
		};
/* End PBXFrameworksBuildPhase section */

/* Begin PBXGroup section */
		089C166AFE841209C02AAC07 /* HelloWorld */ = {
			isa = PBXGroup;
			children = (
				08FB77AFFE84173DC02AAC07 /* Classes */,
				089C167CFE841241C02AAC07 /* Resources */,
				089C1671FE841209C02AAC07 /* Frameworks and Libraries */,
				32C88E010371C26100C91783 /* Other Sources */,
				19C28FB8FE9D52D311CA2CBB /* Products */,
			);
			name = HelloWorld;
			sourceTree = "<group>";
		};
		089C1671FE841209C02AAC07 /* Frameworks and Libraries */ = {
			isa = PBXGroup;
			children = (
				1058C7ACFEA557BF11CA2CBB /* Linked Frameworks */,
			);
			name = "Frameworks and Libraries";
			sourceTree = "<group>";
		};
		089C167CFE841241C02AAC07 /* Resources */ = {
			isa = PBXGroup;
			children = (
				8F058D3C13530C8100489FCB /* Info.plist */,
				8F058D06135307CF00489FCB /* DepthofFieldUI.nib */,
				8FB350B5133CA06700A7979C /* Shaders */,
			);
			name = Resources;
			sourceTree = "<group>";
		};
		08FB77AFFE84173DC02AAC07 /* Classes */ = {
			isa = PBXGroup;
			children = (
				8F37ADBD135306FF007A8238 /* DepthofFieldPrincipal.h */,
				8F37ADBE135306FF007A8238 /* DepthofFieldPrincipal.m */,
				8FB35044133C9A3C00A7979C /* Utility */,
				75AA971B10093C25000986A3 /* Patches */,
			);
			name = Classes;
			sourceTree = "<group>";
		};
		1058C7ACFEA557BF11CA2CBB /* Linked Frameworks */ = {
			isa = PBXGroup;
			children = (
				2AA7F9E110D13B7000A2DD16 /* SkankySDK.framework */,
				1058C7ADFEA557BF11CA2CBB /* Cocoa.framework */,
				7533202C10091AF0003756A8 /* OpenGL.framework */,
				7533202E10091AF0003756A8 /* Quartz.framework */,
			);
			name = "Linked Frameworks";
			sourceTree = "<group>";
		};
		19C28FB8FE9D52D311CA2CBB /* Products */ = {
			isa = PBXGroup;
			children = (
				8D5B49B6048680CD000E48DA /* DepthofField.plugin */,
			);
			name = Products;
			sourceTree = "<group>";
		};
		32C88E010371C26100C91783 /* Other Sources */ = {
			isa = PBXGroup;
			children = (
				8F37ADC01353070C007A8238 /* DepthofField_Prefix.pch */,
			);
			name = "Other Sources";
			sourceTree = "<group>";
		};
		75AA971B10093C25000986A3 /* Patches */ = {
			isa = PBXGroup;
			children = (
				8F058D0C135309CF00489FCB /* DepthofField.h */,
				8F058D0D135309CF00489FCB /* DepthofField.m */,
				8F058D0F135309DB00489FCB /* DepthofFieldUI.h */,
				8F058D10135309DB00489FCB /* DepthofFieldUI.m */,
			);
			name = Patches;
			sourceTree = "<group>";
		};
		8F26D2A313433F54002AE096 /* Math */ = {
			isa = PBXGroup;
			children = (
				8F37ADB4135306DA007A8238 /* S9Math.c */,
				8F37ADB5135306DA007A8238 /* S9Math.h */,
			);
			name = Math;
			sourceTree = "<group>";
		};
		8F26D2A413433F59002AE096 /* FBO */ = {
			isa = PBXGroup;
			children = (
				8F37ADB0135306DA007A8238 /* S9FBO.h */,
				8F37ADB1135306DA007A8238 /* S9FBO.m */,
				8F37ADB2135306DA007A8238 /* S9FBO2D.h */,
				8F37ADB3135306DA007A8238 /* S9FBO2D.m */,
			);
			name = FBO;
			sourceTree = "<group>";
		};
		8F26D2FE1343754F002AE096 /* pcss */ = {
			isa = PBXGroup;
			children = (
			);
			name = pcss;
			sourceTree = "<group>";
		};
		8F37AA761351FF19007A8238 /* vsm */ = {
			isa = PBXGroup;
			children = (
			);
			name = vsm;
			sourceTree = "<group>";
		};
		8F37ADBC135306EE007A8238 /* Shader */ = {
			isa = PBXGroup;
			children = (
				8F37ADB6135306DA007A8238 /* S9Shader.h */,
				8F37ADB7135306DA007A8238 /* S9Shader.m */,
			);
			name = Shader;
			sourceTree = "<group>";
		};
		8FB35044133C9A3C00A7979C /* Utility */ = {
			isa = PBXGroup;
			children = (
				8F37ADBC135306EE007A8238 /* Shader */,
				8F26D2A413433F59002AE096 /* FBO */,
				8F26D2A313433F54002AE096 /* Math */,
			);
			name = Utility;
			sourceTree = "<group>";
		};
		8FB350B5133CA06700A7979C /* Shaders */ = {
			isa = PBXGroup;
			children = (
				8F37AA761351FF19007A8238 /* vsm */,
				8F26D2FE1343754F002AE096 /* pcss */,
			);
			name = Shaders;
			sourceTree = "<group>";
		};
/* End PBXGroup section */

/* Begin PBXNativeTarget section */
		8D5B49AC048680CD000E48DA /* DepthofField */ = {
			isa = PBXNativeTarget;
			buildConfigurationList = 1DEB913A08733D840010E9CD /* Build configuration list for PBXNativeTarget "DepthofField" */;
			buildPhases = (
				8D5B49B1048680CD000E48DA /* Sources */,
				8D5B49B3048680CD000E48DA /* Frameworks */,
				8D5B49AF048680CD000E48DA /* Resources */,
				7533205110091C18003756A8 /* PostProcessing */,
			);
			buildRules = (
			);
			dependencies = (
			);
			name = DepthofField;
			productInstallPath = "$(HOME)/Library/Bundles";
			productName = HelloWorld;
			productReference = 8D5B49B6048680CD000E48DA /* DepthofField.plugin */;
			productType = "com.apple.product-type.bundle";
		};
/* End PBXNativeTarget section */

/* Begin PBXProject section */
		089C1669FE841209C02AAC07 /* Project object */ = {
			isa = PBXProject;
			attributes = {
				BuildIndependentTargetsInParallel = YES;
			};
			buildConfigurationList = 1DEB913E08733D840010E9CD /* Build configuration list for PBXProject "DepthofField" */;
			compatibilityVersion = "Xcode 3.1";
			developmentRegion = English;
			hasScannedForEncodings = 1;
			knownRegions = (
				English,
				Japanese,
				French,
				German,
			);
			mainGroup = 089C166AFE841209C02AAC07 /* HelloWorld */;
			projectDirPath = "";
			projectRoot = "";
			targets = (
				8D5B49AC048680CD000E48DA /* DepthofField */,
			);
		};
/* End PBXProject section */

/* Begin PBXResourcesBuildPhase section */
		8D5B49AF048680CD000E48DA /* Resources */ = {
			isa = PBXResourcesBuildPhase;
			buildActionMask = 2147483647;
			files = (
				8F058D08135307CF00489FCB /* DepthofFieldUI.nib in Resources */,
				8F058D3D13530C8100489FCB /* Info.plist in Resources */,
			);
			runOnlyForDeploymentPostprocessing = 0;
		};
/* End PBXResourcesBuildPhase section */

/* Begin PBXShellScriptBuildPhase section */
		7533205110091C18003756A8 /* PostProcessing */ = {
			isa = PBXShellScriptBuildPhase;
			buildActionMask = 2147483647;
			files = (
			);
			inputPaths = (
			);
			name = PostProcessing;
			outputPaths = (
			);
			runOnlyForDeploymentPostprocessing = 0;
			shellPath = /bin/sh;
			shellScript = "php /Library/Frameworks/SkankySDK.framework/Resources/plugin-postprocess.php \"$TARGET_BUILD_DIR/$FULL_PRODUCT_NAME\"\n";
		};
/* End PBXShellScriptBuildPhase section */

/* Begin PBXSourcesBuildPhase section */
		8D5B49B1048680CD000E48DA /* Sources */ = {
			isa = PBXSourcesBuildPhase;
			buildActionMask = 2147483647;
			files = (
				8F37ADB8135306DA007A8238 /* S9FBO.m in Sources */,
				8F37ADB9135306DA007A8238 /* S9FBO2D.m in Sources */,
				8F37ADBA135306DA007A8238 /* S9Math.c in Sources */,
				8F37ADBB135306DA007A8238 /* S9Shader.m in Sources */,
				8F37ADBF135306FF007A8238 /* DepthofFieldPrincipal.m in Sources */,
				8F058D0E135309CF00489FCB /* DepthofField.m in Sources */,
				8F058D11135309DB00489FCB /* DepthofFieldUI.m in Sources */,
			);
			runOnlyForDeploymentPostprocessing = 0;
		};
/* End PBXSourcesBuildPhase section */

/* Begin PBXVariantGroup section */
		8F058D06135307CF00489FCB /* DepthofFieldUI.nib */ = {
			isa = PBXVariantGroup;
			children = (
				8F058D07135307CF00489FCB /* English */,
			);
			name = DepthofFieldUI.nib;
			sourceTree = "<group>";
		};
/* End PBXVariantGroup section */

/* Begin XCBuildConfiguration section */
		1DEB913C08733D840010E9CD /* Release */ = {
			isa = XCBuildConfiguration;
			buildSettings = {
				GCC_PREFIX_HEADER = DepthofField_Prefix.pch;
				INFOPLIST_FILE = Info.plist;
				PRODUCT_NAME = DepthofField;
			};
			name = Release;
		};
		1DEB914008733D840010E9CD /* Release */ = {
			isa = XCBuildConfiguration;
			buildSettings = {
				ARCHS = "$(ARCHS_STANDARD_32_64_BIT)";
				DEAD_CODE_STRIPPING = YES;
				DEBUG_INFORMATION_FORMAT = dwarf;
				GCC_AUTO_VECTORIZATION = YES;
				GCC_C_LANGUAGE_STANDARD = gnu99;
				GCC_ENABLE_OBJC_GC = supported;
				GCC_MODEL_TUNING = G5;
				GCC_NO_COMMON_BLOCKS = YES;
				GCC_OPTIMIZATION_LEVEL = s;
				GCC_PRECOMPILE_PREFIX_HEADER = YES;
				GCC_STRICT_ALIASING = YES;
				GCC_SYMBOLS_PRIVATE_EXTERN = YES;
				GCC_VERSION = com.apple.compilers.llvmgcc42;
				GCC_WARN_ABOUT_RETURN_TYPE = YES;
				GCC_WARN_UNUSED_VARIABLE = YES;
				MACH_O_TYPE = mh_bundle;
				PREBINDING = NO;
				RUN_CLANG_STATIC_ANALYZER = YES;
				SDKROOT = macosx10.5;
				SYMROOT = $TMPDIR/build;
				WRAPPER_EXTENSION = plugin;
			};
			name = Release;
		};
/* End XCBuildConfiguration section */

/* Begin XCConfigurationList section */
		1DEB913A08733D840010E9CD /* Build configuration list for PBXNativeTarget "DepthofField" */ = {
			isa = XCConfigurationList;
			buildConfigurations = (
				1DEB913C08733D840010E9CD /* Release */,
			);
			defaultConfigurationIsVisible = 0;
			defaultConfigurationName = Release;
		};
		1DEB913E08733D840010E9CD /* Build configuration list for PBXProject "DepthofField" */ = {
			isa = XCConfigurationList;
			buildConfigurations = (
				1DEB914008733D840010E9CD /* Release */,
			);
			defaultConfigurationIsVisible = 0;
			defaultConfigurationName = Release;
		};
/* End XCConfigurationList section */
	};
	rootObject = 089C1669FE841209C02AAC07 /* Project object */;
}
