// !$*UTF8*$!
{
	archiveVersion = 1;
	classes = {
	};
	objectVersion = 45;
	objects = {

/* Begin PBXBuildFile section */
		7533202D10091AF0003756A8 /* OpenGL.framework in Frameworks */ = {isa = PBXBuildFile; fileRef = 7533202C10091AF0003756A8 /* OpenGL.framework */; };
		7533202F10091AF0003756A8 /* Quartz.framework in Frameworks */ = {isa = PBXBuildFile; fileRef = 7533202E10091AF0003756A8 /* Quartz.framework */; };
		8D5B49B4048680CD000E48DA /* Cocoa.framework in Frameworks */ = {isa = PBXBuildFile; fileRef = 1058C7ADFEA557BF11CA2CBB /* Cocoa.framework */; };
		8F058D78135375C500489FCB /* summedtables.vert in Resources */ = {isa = PBXBuildFile; fileRef = 8F058D77135375C500489FCB /* summedtables.vert */; };
		8F058D9D135375F600489FCB /* summedtables.frag in Resources */ = {isa = PBXBuildFile; fileRef = 8F058D9C135375F600489FCB /* summedtables.frag */; };
		8F058EAB1353980900489FCB /* summedtablesv.frag in Resources */ = {isa = PBXBuildFile; fileRef = 8F058EA91353980900489FCB /* summedtablesv.frag */; };
		8F058EAC1353980900489FCB /* summedtablesv.vert in Resources */ = {isa = PBXBuildFile; fileRef = 8F058EAA1353980900489FCB /* summedtablesv.vert */; };
		8F0BBE4713486EE700BC2522 /* shadowpcss.frag in Resources */ = {isa = PBXBuildFile; fileRef = 8F0BBE4313486EE700BC2522 /* shadowpcss.frag */; };
		8F0BBE4813486EE700BC2522 /* shadowpcss.vert in Resources */ = {isa = PBXBuildFile; fileRef = 8F0BBE4413486EE700BC2522 /* shadowpcss.vert */; };
		8F0BC6211348EC2100BC2522 /* shadowcombine.vert in Resources */ = {isa = PBXBuildFile; fileRef = 8F0BC6201348EC2100BC2522 /* shadowcombine.vert */; };
		8F0BC6231348EC8800BC2522 /* shadowcombine.frag in Resources */ = {isa = PBXBuildFile; fileRef = 8F0BC6221348EC8800BC2522 /* shadowcombine.frag */; };
		8F0F6BAF133B4D8200229593 /* SoftShadowsPrincipal.m in Sources */ = {isa = PBXBuildFile; fileRef = 8F0F6BAE133B4D8200229593 /* SoftShadowsPrincipal.m */; };
		8F1793D91347838000D1B6D0 /* S9Utils.c in Sources */ = {isa = PBXBuildFile; fileRef = 8F1793D81347838000D1B6D0 /* S9Utils.c */; };
		8F26D32B13437735002AE096 /* PCSSShadowsUI.nib in Resources */ = {isa = PBXBuildFile; fileRef = 8F26D32513437735002AE096 /* PCSSShadowsUI.nib */; };
		8F37AA611351FDA0007A8238 /* VSMShadows.m in Sources */ = {isa = PBXBuildFile; fileRef = 8F37AA5D1351FDA0007A8238 /* VSMShadows.m */; };
		8F37AA621351FDA0007A8238 /* VSMShadows.xml in Resources */ = {isa = PBXBuildFile; fileRef = 8F37AA5E1351FDA0007A8238 /* VSMShadows.xml */; };
		8F37AA631351FDA0007A8238 /* VSMShadowsUI.m in Sources */ = {isa = PBXBuildFile; fileRef = 8F37AA601351FDA0007A8238 /* VSMShadowsUI.m */; };
		8F37AA891351FF92007A8238 /* blurhoriz.frag in Resources */ = {isa = PBXBuildFile; fileRef = 8F37AA811351FF92007A8238 /* blurhoriz.frag */; };
		8F37AA8A1351FF92007A8238 /* blurhoriz.vert in Resources */ = {isa = PBXBuildFile; fileRef = 8F37AA821351FF92007A8238 /* blurhoriz.vert */; };
		8F37AA8B1351FF92007A8238 /* blurvertical.frag in Resources */ = {isa = PBXBuildFile; fileRef = 8F37AA831351FF92007A8238 /* blurvertical.frag */; };
		8F37AA8C1351FF92007A8238 /* blurvertical.vert in Resources */ = {isa = PBXBuildFile; fileRef = 8F37AA841351FF92007A8238 /* blurvertical.vert */; };
		8F37AA8D1351FF92007A8238 /* depth.frag in Resources */ = {isa = PBXBuildFile; fileRef = 8F37AA851351FF92007A8238 /* depth.frag */; };
		8F37AA8E1351FF92007A8238 /* depth.vert in Resources */ = {isa = PBXBuildFile; fileRef = 8F37AA861351FF92007A8238 /* depth.vert */; };
		8F37AA8F1351FF92007A8238 /* shadowvsm.frag in Resources */ = {isa = PBXBuildFile; fileRef = 8F37AA871351FF92007A8238 /* shadowvsm.frag */; };
		8F37AA901351FF92007A8238 /* shadowvsm.vert in Resources */ = {isa = PBXBuildFile; fileRef = 8F37AA881351FF92007A8238 /* shadowvsm.vert */; };
		8F6FC48E134742510038086C /* S9Math.c in Sources */ = {isa = PBXBuildFile; fileRef = 8F6FC48C134742510038086C /* S9Math.c */; };
		8F6FC4951347425D0038086C /* S9FBO.m in Sources */ = {isa = PBXBuildFile; fileRef = 8F6FC4901347425D0038086C /* S9FBO.m */; };
		8F6FC4961347425D0038086C /* S9FBO2D.m in Sources */ = {isa = PBXBuildFile; fileRef = 8F6FC4921347425D0038086C /* S9FBO2D.m */; };
		8F6FC4971347425D0038086C /* S9Shader.m in Sources */ = {isa = PBXBuildFile; fileRef = 8F6FC4941347425D0038086C /* S9Shader.m */; };
		8F6FC499134742830038086C /* PCSSShadows.xml in Resources */ = {isa = PBXBuildFile; fileRef = 8F6FC498134742830038086C /* PCSSShadows.xml */; };
		8F6FC49E134742900038086C /* PCSSShadows.m in Sources */ = {isa = PBXBuildFile; fileRef = 8F6FC49B134742900038086C /* PCSSShadows.m */; };
		8F6FC49F134742900038086C /* PCSSShadowsUI.m in Sources */ = {isa = PBXBuildFile; fileRef = 8F6FC49D134742900038086C /* PCSSShadowsUI.m */; };
		8F986A7B13490E0400F65839 /* basiclight.frag in Resources */ = {isa = PBXBuildFile; fileRef = 8F986A7913490E0400F65839 /* basiclight.frag */; };
		8F986A7C13490E0400F65839 /* basiclight.vert in Resources */ = {isa = PBXBuildFile; fileRef = 8F986A7A13490E0400F65839 /* basiclight.vert */; };
		8FF2830C135453FD001CCD93 /* summedreverse.frag in Resources */ = {isa = PBXBuildFile; fileRef = 8FF28308135453EF001CCD93 /* summedreverse.frag */; };
		8FF2830D135453FD001CCD93 /* summedreverse.vert in Resources */ = {isa = PBXBuildFile; fileRef = 8FF28309135453EF001CCD93 /* summedreverse.vert */; };
/* End PBXBuildFile section */

/* Begin PBXFileReference section */
		1058C7ADFEA557BF11CA2CBB /* Cocoa.framework */ = {isa = PBXFileReference; lastKnownFileType = wrapper.framework; name = Cocoa.framework; path = /System/Library/Frameworks/Cocoa.framework; sourceTree = "<absolute>"; };
		2AA7F9E110D13B7000A2DD16 /* SkankySDK.framework */ = {isa = PBXFileReference; lastKnownFileType = wrapper.framework; name = SkankySDK.framework; path = /Library/Frameworks/SkankySDK.framework; sourceTree = "<absolute>"; };
		7533202C10091AF0003756A8 /* OpenGL.framework */ = {isa = PBXFileReference; lastKnownFileType = wrapper.framework; name = OpenGL.framework; path = /System/Library/Frameworks/OpenGL.framework; sourceTree = "<absolute>"; };
		7533202E10091AF0003756A8 /* Quartz.framework */ = {isa = PBXFileReference; lastKnownFileType = wrapper.framework; name = Quartz.framework; path = /System/Library/Frameworks/Quartz.framework; sourceTree = "<absolute>"; };
		8D5B49B6048680CD000E48DA /* SoftShadows.plugin */ = {isa = PBXFileReference; explicitFileType = wrapper.cfbundle; includeInIndex = 0; path = SoftShadows.plugin; sourceTree = BUILT_PRODUCTS_DIR; };
		8D5B49B7048680CD000E48DA /* Info.plist */ = {isa = PBXFileReference; fileEncoding = 4; lastKnownFileType = text.plist.xml; path = Info.plist; sourceTree = "<group>"; };
		8F058D77135375C500489FCB /* summedtables.vert */ = {isa = PBXFileReference; fileEncoding = 4; lastKnownFileType = sourcecode.glsl; name = summedtables.vert; path = Resources/VSM/summedtables.vert; sourceTree = "<group>"; };
		8F058D9C135375F600489FCB /* summedtables.frag */ = {isa = PBXFileReference; fileEncoding = 4; lastKnownFileType = sourcecode.glsl; name = summedtables.frag; path = Resources/VSM/summedtables.frag; sourceTree = "<group>"; };
		8F058EA91353980900489FCB /* summedtablesv.frag */ = {isa = PBXFileReference; fileEncoding = 4; lastKnownFileType = sourcecode.glsl; name = summedtablesv.frag; path = Resources/VSM/summedtablesv.frag; sourceTree = "<group>"; };
		8F058EAA1353980900489FCB /* summedtablesv.vert */ = {isa = PBXFileReference; fileEncoding = 4; lastKnownFileType = sourcecode.glsl; name = summedtablesv.vert; path = Resources/VSM/summedtablesv.vert; sourceTree = "<group>"; };
		8F0BBE4313486EE700BC2522 /* shadowpcss.frag */ = {isa = PBXFileReference; fileEncoding = 4; lastKnownFileType = sourcecode.glsl; name = shadowpcss.frag; path = Resources/PCSS/shadowpcss.frag; sourceTree = "<group>"; };
		8F0BBE4413486EE700BC2522 /* shadowpcss.vert */ = {isa = PBXFileReference; fileEncoding = 4; lastKnownFileType = sourcecode.glsl; name = shadowpcss.vert; path = Resources/PCSS/shadowpcss.vert; sourceTree = "<group>"; };
		8F0BC6201348EC2100BC2522 /* shadowcombine.vert */ = {isa = PBXFileReference; fileEncoding = 4; lastKnownFileType = sourcecode.glsl; name = shadowcombine.vert; path = Resources/PCSS/shadowcombine.vert; sourceTree = "<group>"; };
		8F0BC6221348EC8800BC2522 /* shadowcombine.frag */ = {isa = PBXFileReference; fileEncoding = 4; lastKnownFileType = sourcecode.glsl; name = shadowcombine.frag; path = Resources/PCSS/shadowcombine.frag; sourceTree = "<group>"; };
		8F0F6BAD133B4D8200229593 /* SoftShadowsPrincipal.h */ = {isa = PBXFileReference; fileEncoding = 4; lastKnownFileType = sourcecode.c.h; path = SoftShadowsPrincipal.h; sourceTree = "<group>"; };
		8F0F6BAE133B4D8200229593 /* SoftShadowsPrincipal.m */ = {isa = PBXFileReference; fileEncoding = 4; lastKnownFileType = sourcecode.c.objc; path = SoftShadowsPrincipal.m; sourceTree = "<group>"; };
		8F0F6BB1133B4D8E00229593 /* SoftShadows_Prefix.pch */ = {isa = PBXFileReference; fileEncoding = 4; lastKnownFileType = sourcecode.c.h; path = SoftShadows_Prefix.pch; sourceTree = "<group>"; };
		8F1793D71347838000D1B6D0 /* S9Utils.h */ = {isa = PBXFileReference; fileEncoding = 4; lastKnownFileType = sourcecode.c.h; path = S9Utils.h; sourceTree = "<group>"; };
		8F1793D81347838000D1B6D0 /* S9Utils.c */ = {isa = PBXFileReference; fileEncoding = 4; lastKnownFileType = sourcecode.c.c; path = S9Utils.c; sourceTree = "<group>"; };
		8F26D32613437735002AE096 /* English */ = {isa = PBXFileReference; lastKnownFileType = wrapper.nib; name = English; path = Resources/English.lproj/PCSSShadowsUI.nib; sourceTree = "<group>"; };
		8F37AA5C1351FDA0007A8238 /* VSMShadows.h */ = {isa = PBXFileReference; fileEncoding = 4; lastKnownFileType = sourcecode.c.h; name = VSMShadows.h; path = vsm/VSMShadows.h; sourceTree = "<group>"; };
		8F37AA5D1351FDA0007A8238 /* VSMShadows.m */ = {isa = PBXFileReference; fileEncoding = 4; lastKnownFileType = sourcecode.c.objc; name = VSMShadows.m; path = vsm/VSMShadows.m; sourceTree = "<group>"; };
		8F37AA5E1351FDA0007A8238 /* VSMShadows.xml */ = {isa = PBXFileReference; fileEncoding = 4; lastKnownFileType = text.xml; name = VSMShadows.xml; path = vsm/VSMShadows.xml; sourceTree = "<group>"; };
		8F37AA5F1351FDA0007A8238 /* VSMShadowsUI.h */ = {isa = PBXFileReference; fileEncoding = 4; lastKnownFileType = sourcecode.c.h; name = VSMShadowsUI.h; path = vsm/VSMShadowsUI.h; sourceTree = "<group>"; };
		8F37AA601351FDA0007A8238 /* VSMShadowsUI.m */ = {isa = PBXFileReference; fileEncoding = 4; lastKnownFileType = sourcecode.c.objc; name = VSMShadowsUI.m; path = vsm/VSMShadowsUI.m; sourceTree = "<group>"; };
		8F37AA811351FF92007A8238 /* blurhoriz.frag */ = {isa = PBXFileReference; fileEncoding = 4; lastKnownFileType = sourcecode.glsl; name = blurhoriz.frag; path = Resources/VSM/blurhoriz.frag; sourceTree = "<group>"; };
		8F37AA821351FF92007A8238 /* blurhoriz.vert */ = {isa = PBXFileReference; fileEncoding = 4; lastKnownFileType = sourcecode.glsl; name = blurhoriz.vert; path = Resources/VSM/blurhoriz.vert; sourceTree = "<group>"; };
		8F37AA831351FF92007A8238 /* blurvertical.frag */ = {isa = PBXFileReference; fileEncoding = 4; lastKnownFileType = sourcecode.glsl; name = blurvertical.frag; path = Resources/VSM/blurvertical.frag; sourceTree = "<group>"; };
		8F37AA841351FF92007A8238 /* blurvertical.vert */ = {isa = PBXFileReference; fileEncoding = 4; lastKnownFileType = sourcecode.glsl; name = blurvertical.vert; path = Resources/VSM/blurvertical.vert; sourceTree = "<group>"; };
		8F37AA851351FF92007A8238 /* depth.frag */ = {isa = PBXFileReference; fileEncoding = 4; lastKnownFileType = sourcecode.glsl; name = depth.frag; path = Resources/VSM/depth.frag; sourceTree = "<group>"; };
		8F37AA861351FF92007A8238 /* depth.vert */ = {isa = PBXFileReference; fileEncoding = 4; lastKnownFileType = sourcecode.glsl; name = depth.vert; path = Resources/VSM/depth.vert; sourceTree = "<group>"; };
		8F37AA871351FF92007A8238 /* shadowvsm.frag */ = {isa = PBXFileReference; fileEncoding = 4; lastKnownFileType = sourcecode.glsl; name = shadowvsm.frag; path = Resources/VSM/shadowvsm.frag; sourceTree = "<group>"; };
		8F37AA881351FF92007A8238 /* shadowvsm.vert */ = {isa = PBXFileReference; fileEncoding = 4; lastKnownFileType = sourcecode.glsl; name = shadowvsm.vert; path = Resources/VSM/shadowvsm.vert; sourceTree = "<group>"; };
		8F6FC48C134742510038086C /* S9Math.c */ = {isa = PBXFileReference; fileEncoding = 4; lastKnownFileType = sourcecode.c.c; name = S9Math.c; path = util/S9Math.c; sourceTree = "<group>"; };
		8F6FC48D134742510038086C /* S9Math.h */ = {isa = PBXFileReference; fileEncoding = 4; lastKnownFileType = sourcecode.c.h; name = S9Math.h; path = util/S9Math.h; sourceTree = "<group>"; };
		8F6FC48F1347425D0038086C /* S9FBO.h */ = {isa = PBXFileReference; fileEncoding = 4; lastKnownFileType = sourcecode.c.h; name = S9FBO.h; path = util/S9FBO.h; sourceTree = "<group>"; };
		8F6FC4901347425D0038086C /* S9FBO.m */ = {isa = PBXFileReference; fileEncoding = 4; lastKnownFileType = sourcecode.c.objc; name = S9FBO.m; path = util/S9FBO.m; sourceTree = "<group>"; };
		8F6FC4911347425D0038086C /* S9FBO2D.h */ = {isa = PBXFileReference; fileEncoding = 4; lastKnownFileType = sourcecode.c.h; name = S9FBO2D.h; path = util/S9FBO2D.h; sourceTree = "<group>"; };
		8F6FC4921347425D0038086C /* S9FBO2D.m */ = {isa = PBXFileReference; fileEncoding = 4; lastKnownFileType = sourcecode.c.objc; name = S9FBO2D.m; path = util/S9FBO2D.m; sourceTree = "<group>"; };
		8F6FC4931347425D0038086C /* S9Shader.h */ = {isa = PBXFileReference; fileEncoding = 4; lastKnownFileType = sourcecode.c.h; name = S9Shader.h; path = util/S9Shader.h; sourceTree = "<group>"; };
		8F6FC4941347425D0038086C /* S9Shader.m */ = {isa = PBXFileReference; fileEncoding = 4; lastKnownFileType = sourcecode.c.objc; name = S9Shader.m; path = util/S9Shader.m; sourceTree = "<group>"; };
		8F6FC498134742830038086C /* PCSSShadows.xml */ = {isa = PBXFileReference; fileEncoding = 4; lastKnownFileType = text.xml; name = PCSSShadows.xml; path = pcss/PCSSShadows.xml; sourceTree = "<group>"; };
		8F6FC49A134742900038086C /* PCSSShadows.h */ = {isa = PBXFileReference; fileEncoding = 4; lastKnownFileType = sourcecode.c.h; name = PCSSShadows.h; path = pcss/PCSSShadows.h; sourceTree = "<group>"; };
		8F6FC49B134742900038086C /* PCSSShadows.m */ = {isa = PBXFileReference; fileEncoding = 4; lastKnownFileType = sourcecode.c.objc; name = PCSSShadows.m; path = pcss/PCSSShadows.m; sourceTree = "<group>"; };
		8F6FC49C134742900038086C /* PCSSShadowsUI.h */ = {isa = PBXFileReference; fileEncoding = 4; lastKnownFileType = sourcecode.c.h; name = PCSSShadowsUI.h; path = pcss/PCSSShadowsUI.h; sourceTree = "<group>"; };
		8F6FC49D134742900038086C /* PCSSShadowsUI.m */ = {isa = PBXFileReference; fileEncoding = 4; lastKnownFileType = sourcecode.c.objc; name = PCSSShadowsUI.m; path = pcss/PCSSShadowsUI.m; sourceTree = "<group>"; };
		8F986A7913490E0400F65839 /* basiclight.frag */ = {isa = PBXFileReference; fileEncoding = 4; lastKnownFileType = sourcecode.glsl; name = basiclight.frag; path = Resources/PCSS/basiclight.frag; sourceTree = "<group>"; };
		8F986A7A13490E0400F65839 /* basiclight.vert */ = {isa = PBXFileReference; fileEncoding = 4; lastKnownFileType = sourcecode.glsl; name = basiclight.vert; path = Resources/PCSS/basiclight.vert; sourceTree = "<group>"; };
		8FF28308135453EF001CCD93 /* summedreverse.frag */ = {isa = PBXFileReference; fileEncoding = 4; lastKnownFileType = sourcecode.glsl; name = summedreverse.frag; path = Resources/VSM/summedreverse.frag; sourceTree = "<group>"; };
		8FF28309135453EF001CCD93 /* summedreverse.vert */ = {isa = PBXFileReference; fileEncoding = 4; lastKnownFileType = sourcecode.glsl; name = summedreverse.vert; path = Resources/VSM/summedreverse.vert; sourceTree = "<group>"; };
/* End PBXFileReference section */

/* Begin PBXFrameworksBuildPhase section */
		8D5B49B3048680CD000E48DA /* Frameworks */ = {
			isa = PBXFrameworksBuildPhase;
			buildActionMask = 2147483647;
			files = (
				8D5B49B4048680CD000E48DA /* Cocoa.framework in Frameworks */,
				7533202D10091AF0003756A8 /* OpenGL.framework in Frameworks */,
				7533202F10091AF0003756A8 /* Quartz.framework in Frameworks */,
			);
			runOnlyForDeploymentPostprocessing = 0;
		};
/* End PBXFrameworksBuildPhase section */

/* Begin PBXGroup section */
		089C166AFE841209C02AAC07 /* HelloWorld */ = {
			isa = PBXGroup;
			children = (
				08FB77AFFE84173DC02AAC07 /* Classes */,
				089C167CFE841241C02AAC07 /* Resources */,
				089C1671FE841209C02AAC07 /* Frameworks and Libraries */,
				32C88E010371C26100C91783 /* Other Sources */,
				19C28FB8FE9D52D311CA2CBB /* Products */,
			);
			name = HelloWorld;
			sourceTree = "<group>";
		};
		089C1671FE841209C02AAC07 /* Frameworks and Libraries */ = {
			isa = PBXGroup;
			children = (
				1058C7ACFEA557BF11CA2CBB /* Linked Frameworks */,
			);
			name = "Frameworks and Libraries";
			sourceTree = "<group>";
		};
		089C167CFE841241C02AAC07 /* Resources */ = {
			isa = PBXGroup;
			children = (
				8F37AA5E1351FDA0007A8238 /* VSMShadows.xml */,
				8F6FC498134742830038086C /* PCSSShadows.xml */,
				8FB350B5133CA06700A7979C /* Shaders */,
				8F26D32513437735002AE096 /* PCSSShadowsUI.nib */,
				8D5B49B7048680CD000E48DA /* Info.plist */,
			);
			name = Resources;
			sourceTree = "<group>";
		};
		08FB77AFFE84173DC02AAC07 /* Classes */ = {
			isa = PBXGroup;
			children = (
				8FB35044133C9A3C00A7979C /* Utility */,
				8F0F6BAD133B4D8200229593 /* SoftShadowsPrincipal.h */,
				8F0F6BAE133B4D8200229593 /* SoftShadowsPrincipal.m */,
				75AA971B10093C25000986A3 /* Patches */,
			);
			name = Classes;
			sourceTree = "<group>";
		};
		1058C7ACFEA557BF11CA2CBB /* Linked Frameworks */ = {
			isa = PBXGroup;
			children = (
				2AA7F9E110D13B7000A2DD16 /* SkankySDK.framework */,
				1058C7ADFEA557BF11CA2CBB /* Cocoa.framework */,
				7533202C10091AF0003756A8 /* OpenGL.framework */,
				7533202E10091AF0003756A8 /* Quartz.framework */,
			);
			name = "Linked Frameworks";
			sourceTree = "<group>";
		};
		19C28FB8FE9D52D311CA2CBB /* Products */ = {
			isa = PBXGroup;
			children = (
				8D5B49B6048680CD000E48DA /* SoftShadows.plugin */,
			);
			name = Products;
			sourceTree = "<group>";
		};
		32C88E010371C26100C91783 /* Other Sources */ = {
			isa = PBXGroup;
			children = (
				8F0F6BB1133B4D8E00229593 /* SoftShadows_Prefix.pch */,
			);
			name = "Other Sources";
			sourceTree = "<group>";
		};
		75AA971B10093C25000986A3 /* Patches */ = {
			isa = PBXGroup;
			children = (
				8F37AA4E1351FD03007A8238 /* VSM */,
				8F26D2EC13436EF8002AE096 /* PCSS */,
			);
			name = Patches;
			sourceTree = "<group>";
		};
		8F26D2A313433F54002AE096 /* Math */ = {
			isa = PBXGroup;
			children = (
				8F6FC48C134742510038086C /* S9Math.c */,
				8F6FC48D134742510038086C /* S9Math.h */,
			);
			name = Math;
			sourceTree = "<group>";
		};
		8F26D2A413433F59002AE096 /* FBO */ = {
			isa = PBXGroup;
			children = (
				8F6FC48F1347425D0038086C /* S9FBO.h */,
				8F6FC4901347425D0038086C /* S9FBO.m */,
				8F6FC4911347425D0038086C /* S9FBO2D.h */,
				8F6FC4921347425D0038086C /* S9FBO2D.m */,
				8F6FC4931347425D0038086C /* S9Shader.h */,
				8F6FC4941347425D0038086C /* S9Shader.m */,
			);
			name = FBO;
			sourceTree = "<group>";
		};
		8F26D2EC13436EF8002AE096 /* PCSS */ = {
			isa = PBXGroup;
			children = (
				8F6FC49A134742900038086C /* PCSSShadows.h */,
				8F6FC49B134742900038086C /* PCSSShadows.m */,
				8F6FC49C134742900038086C /* PCSSShadowsUI.h */,
				8F6FC49D134742900038086C /* PCSSShadowsUI.m */,
			);
			name = PCSS;
			sourceTree = "<group>";
		};
		8F26D2FE1343754F002AE096 /* pcss */ = {
			isa = PBXGroup;
			children = (
				8F986A7913490E0400F65839 /* basiclight.frag */,
				8F986A7A13490E0400F65839 /* basiclight.vert */,
				8F0BC6221348EC8800BC2522 /* shadowcombine.frag */,
				8F0BC6201348EC2100BC2522 /* shadowcombine.vert */,
				8F0BBE4313486EE700BC2522 /* shadowpcss.frag */,
				8F0BBE4413486EE700BC2522 /* shadowpcss.vert */,
			);
			name = pcss;
			sourceTree = "<group>";
		};
		8F37AA4E1351FD03007A8238 /* VSM */ = {
			isa = PBXGroup;
			children = (
				8F37AA5C1351FDA0007A8238 /* VSMShadows.h */,
				8F37AA5D1351FDA0007A8238 /* VSMShadows.m */,
				8F37AA5F1351FDA0007A8238 /* VSMShadowsUI.h */,
				8F37AA601351FDA0007A8238 /* VSMShadowsUI.m */,
			);
			name = VSM;
			sourceTree = "<group>";
		};
		8F37AA761351FF19007A8238 /* vsm */ = {
			isa = PBXGroup;
			children = (
				8F058EA91353980900489FCB /* summedtablesv.frag */,
				8FF28308135453EF001CCD93 /* summedreverse.frag */,
				8FF28309135453EF001CCD93 /* summedreverse.vert */,
				8F058EAA1353980900489FCB /* summedtablesv.vert */,
				8F058D9C135375F600489FCB /* summedtables.frag */,
				8F058D77135375C500489FCB /* summedtables.vert */,
				8F37AA811351FF92007A8238 /* blurhoriz.frag */,
				8F37AA821351FF92007A8238 /* blurhoriz.vert */,
				8F37AA831351FF92007A8238 /* blurvertical.frag */,
				8F37AA841351FF92007A8238 /* blurvertical.vert */,
				8F37AA851351FF92007A8238 /* depth.frag */,
				8F37AA861351FF92007A8238 /* depth.vert */,
				8F37AA871351FF92007A8238 /* shadowvsm.frag */,
				8F37AA881351FF92007A8238 /* shadowvsm.vert */,
			);
			name = vsm;
			sourceTree = "<group>";
		};
		8FB35044133C9A3C00A7979C /* Utility */ = {
			isa = PBXGroup;
			children = (
				8F26D2A413433F59002AE096 /* FBO */,
				8F26D2A313433F54002AE096 /* Math */,
				8F1793D71347838000D1B6D0 /* S9Utils.h */,
				8F1793D81347838000D1B6D0 /* S9Utils.c */,
			);
			name = Utility;
			sourceTree = "<group>";
		};
		8FB350B5133CA06700A7979C /* Shaders */ = {
			isa = PBXGroup;
			children = (
				8F37AA761351FF19007A8238 /* vsm */,
				8F26D2FE1343754F002AE096 /* pcss */,
			);
			name = Shaders;
			sourceTree = "<group>";
		};
/* End PBXGroup section */

/* Begin PBXNativeTarget section */
		8D5B49AC048680CD000E48DA /* SoftShadows */ = {
			isa = PBXNativeTarget;
			buildConfigurationList = 1DEB913A08733D840010E9CD /* Build configuration list for PBXNativeTarget "SoftShadows" */;
			buildPhases = (
				8D5B49B1048680CD000E48DA /* Sources */,
				8D5B49B3048680CD000E48DA /* Frameworks */,
				8D5B49AF048680CD000E48DA /* Resources */,
				7533205110091C18003756A8 /* PostProcessing */,
			);
			buildRules = (
			);
			dependencies = (
			);
			name = SoftShadows;
			productInstallPath = "$(HOME)/Library/Bundles";
			productName = HelloWorld;
			productReference = 8D5B49B6048680CD000E48DA /* SoftShadows.plugin */;
			productType = "com.apple.product-type.bundle";
		};
/* End PBXNativeTarget section */

/* Begin PBXProject section */
		089C1669FE841209C02AAC07 /* Project object */ = {
			isa = PBXProject;
			attributes = {
				BuildIndependentTargetsInParallel = YES;
			};
			buildConfigurationList = 1DEB913E08733D840010E9CD /* Build configuration list for PBXProject "SoftShadows" */;
			compatibilityVersion = "Xcode 3.1";
			developmentRegion = English;
			hasScannedForEncodings = 1;
			knownRegions = (
				English,
				Japanese,
				French,
				German,
			);
			mainGroup = 089C166AFE841209C02AAC07 /* HelloWorld */;
			projectDirPath = "";
			projectRoot = "";
			targets = (
				8D5B49AC048680CD000E48DA /* SoftShadows */,
			);
		};
/* End PBXProject section */

/* Begin PBXResourcesBuildPhase section */
		8D5B49AF048680CD000E48DA /* Resources */ = {
			isa = PBXResourcesBuildPhase;
			buildActionMask = 2147483647;
			files = (
				8FF2830C135453FD001CCD93 /* summedreverse.frag in Resources */,
				8FF2830D135453FD001CCD93 /* summedreverse.vert in Resources */,
				8F058EAB1353980900489FCB /* summedtablesv.frag in Resources */,
				8F058EAC1353980900489FCB /* summedtablesv.vert in Resources */,
				8F058D9D135375F600489FCB /* summedtables.frag in Resources */,
				8F058D78135375C500489FCB /* summedtables.vert in Resources */,
				8F37AA891351FF92007A8238 /* blurhoriz.frag in Resources */,
				8F37AA8A1351FF92007A8238 /* blurhoriz.vert in Resources */,
				8F37AA8B1351FF92007A8238 /* blurvertical.frag in Resources */,
				8F37AA8C1351FF92007A8238 /* blurvertical.vert in Resources */,
				8F37AA8D1351FF92007A8238 /* depth.frag in Resources */,
				8F37AA8E1351FF92007A8238 /* depth.vert in Resources */,
				8F37AA8F1351FF92007A8238 /* shadowvsm.frag in Resources */,
				8F37AA901351FF92007A8238 /* shadowvsm.vert in Resources */,
				8F986A7B13490E0400F65839 /* basiclight.frag in Resources */,
				8F986A7C13490E0400F65839 /* basiclight.vert in Resources */,
				8F0BC6211348EC2100BC2522 /* shadowcombine.vert in Resources */,
				8F0BC6231348EC8800BC2522 /* shadowcombine.frag in Resources */,
				8F0BBE4713486EE700BC2522 /* shadowpcss.frag in Resources */,
				8F0BBE4813486EE700BC2522 /* shadowpcss.vert in Resources */,
				8F26D32B13437735002AE096 /* PCSSShadowsUI.nib in Resources */,
				8F6FC499134742830038086C /* PCSSShadows.xml in Resources */,
				8F37AA621351FDA0007A8238 /* VSMShadows.xml in Resources */,
			);
			runOnlyForDeploymentPostprocessing = 0;
		};
/* End PBXResourcesBuildPhase section */

/* Begin PBXShellScriptBuildPhase section */
		7533205110091C18003756A8 /* PostProcessing */ = {
			isa = PBXShellScriptBuildPhase;
			buildActionMask = 2147483647;
			files = (
			);
			inputPaths = (
			);
			name = PostProcessing;
			outputPaths = (
			);
			runOnlyForDeploymentPostprocessing = 0;
			shellPath = /bin/sh;
			shellScript = "php /Library/Frameworks/SkankySDK.framework/Resources/plugin-postprocess.php \"$TARGET_BUILD_DIR/$FULL_PRODUCT_NAME\"\n";
		};
/* End PBXShellScriptBuildPhase section */

/* Begin PBXSourcesBuildPhase section */
		8D5B49B1048680CD000E48DA /* Sources */ = {
			isa = PBXSourcesBuildPhase;
			buildActionMask = 2147483647;
			files = (
				8F0F6BAF133B4D8200229593 /* SoftShadowsPrincipal.m in Sources */,
				8F6FC48E134742510038086C /* S9Math.c in Sources */,
				8F6FC4951347425D0038086C /* S9FBO.m in Sources */,
				8F6FC4961347425D0038086C /* S9FBO2D.m in Sources */,
				8F6FC4971347425D0038086C /* S9Shader.m in Sources */,
				8F6FC49E134742900038086C /* PCSSShadows.m in Sources */,
				8F6FC49F134742900038086C /* PCSSShadowsUI.m in Sources */,
				8F1793D91347838000D1B6D0 /* S9Utils.c in Sources */,
				8F37AA611351FDA0007A8238 /* VSMShadows.m in Sources */,
				8F37AA631351FDA0007A8238 /* VSMShadowsUI.m in Sources */,
			);
			runOnlyForDeploymentPostprocessing = 0;
		};
/* End PBXSourcesBuildPhase section */

/* Begin PBXVariantGroup section */
		8F26D32513437735002AE096 /* PCSSShadowsUI.nib */ = {
			isa = PBXVariantGroup;
			children = (
				8F26D32613437735002AE096 /* English */,
			);
			name = PCSSShadowsUI.nib;
			sourceTree = "<group>";
		};
/* End PBXVariantGroup section */

/* Begin XCBuildConfiguration section */
		1DEB913C08733D840010E9CD /* Release */ = {
			isa = XCBuildConfiguration;
			buildSettings = {
				GCC_PREFIX_HEADER = SoftShadows_Prefix.pch;
				INFOPLIST_FILE = Info.plist;
				PRODUCT_NAME = SoftShadows;
			};
			name = Release;
		};
		1DEB914008733D840010E9CD /* Release */ = {
			isa = XCBuildConfiguration;
			buildSettings = {
				ARCHS = "$(ARCHS_STANDARD_32_64_BIT)";
				DEAD_CODE_STRIPPING = YES;
				DEBUG_INFORMATION_FORMAT = dwarf;
				GCC_AUTO_VECTORIZATION = YES;
				GCC_C_LANGUAGE_STANDARD = gnu99;
				GCC_ENABLE_OBJC_GC = supported;
				GCC_MODEL_TUNING = G5;
				GCC_NO_COMMON_BLOCKS = YES;
				GCC_OPTIMIZATION_LEVEL = s;
				GCC_PRECOMPILE_PREFIX_HEADER = YES;
				GCC_STRICT_ALIASING = YES;
				GCC_SYMBOLS_PRIVATE_EXTERN = YES;
				GCC_VERSION = com.apple.compilers.llvmgcc42;
				GCC_WARN_ABOUT_RETURN_TYPE = YES;
				GCC_WARN_UNUSED_VARIABLE = YES;
				MACH_O_TYPE = mh_bundle;
				PREBINDING = NO;
				RUN_CLANG_STATIC_ANALYZER = YES;
				SDKROOT = macosx10.5;
				SYMROOT = $TMPDIR/build;
				WRAPPER_EXTENSION = plugin;
			};
			name = Release;
		};
/* End XCBuildConfiguration section */

/* Begin XCConfigurationList section */
		1DEB913A08733D840010E9CD /* Build configuration list for PBXNativeTarget "SoftShadows" */ = {
			isa = XCConfigurationList;
			buildConfigurations = (
				1DEB913C08733D840010E9CD /* Release */,
			);
			defaultConfigurationIsVisible = 0;
			defaultConfigurationName = Release;
		};
		1DEB913E08733D840010E9CD /* Build configuration list for PBXProject "SoftShadows" */ = {
			isa = XCConfigurationList;
			buildConfigurations = (
				1DEB914008733D840010E9CD /* Release */,
			);
			defaultConfigurationIsVisible = 0;
			defaultConfigurationName = Release;
		};
/* End XCConfigurationList section */
	};
	rootObject = 089C1669FE841209C02AAC07 /* Project object */;
}
