// !$*UTF8*$!
{
	archiveVersion = 1;
	classes = {
	};
	objectVersion = 45;
	objects = {

/* Begin PBXBuildFile section */
		7533202D10091AF0003756A8 /* OpenGL.framework in Frameworks */ = {isa = PBXBuildFile; fileRef = 7533202C10091AF0003756A8 /* OpenGL.framework */; };
		7533202F10091AF0003756A8 /* Quartz.framework in Frameworks */ = {isa = PBXBuildFile; fileRef = 7533202E10091AF0003756A8 /* Quartz.framework */; };
		8D5B49B4048680CD000E48DA /* Cocoa.framework in Frameworks */ = {isa = PBXBuildFile; fileRef = 1058C7ADFEA557BF11CA2CBB /* Cocoa.framework */; };
		8F0F6BA1133B4D3C00229593 /* SoftShadows.xml in Resources */ = {isa = PBXBuildFile; fileRef = 8F0F6BA0133B4D3C00229593 /* SoftShadows.xml */; };
		8F0F6BAC133B4D7700229593 /* SoftShadows.m in Sources */ = {isa = PBXBuildFile; fileRef = 8F0F6BAB133B4D7700229593 /* SoftShadows.m */; };
		8F0F6BAF133B4D8200229593 /* SoftShadowsPrincipal.m in Sources */ = {isa = PBXBuildFile; fileRef = 8F0F6BAE133B4D8200229593 /* SoftShadowsPrincipal.m */; };
		8F0F6BB4133B4D9700229593 /* S9FBO.m in Sources */ = {isa = PBXBuildFile; fileRef = 8F0F6BB3133B4D9700229593 /* S9FBO.m */; };
		8F0F6C72133B61AE00229593 /* SoftShadowsUI.m in Sources */ = {isa = PBXBuildFile; fileRef = 8F0F6C71133B61AE00229593 /* SoftShadowsUI.m */; };
		8F0F6CA0133B627A00229593 /* SoftShadowsUI.nib in Resources */ = {isa = PBXBuildFile; fileRef = 8F0F6C9E133B627A00229593 /* SoftShadowsUI.nib */; };
		8F1A5D2E1341C9CD00085CF0 /* shadowmap.frag in Resources */ = {isa = PBXBuildFile; fileRef = 8F1A5D2C1341C9CD00085CF0 /* shadowmap.frag */; };
		8F1A5D2F1341C9CD00085CF0 /* shadowmap.vert in Resources */ = {isa = PBXBuildFile; fileRef = 8F1A5D2D1341C9CD00085CF0 /* shadowmap.vert */; };
		8F1A5E7F1341F25E00085CF0 /* SofterShadows.m in Sources */ = {isa = PBXBuildFile; fileRef = 8F1A5E7E1341F25E00085CF0 /* SofterShadows.m */; };
		8F1A5E921341FB9100085CF0 /* SofterShadowsUI.m in Sources */ = {isa = PBXBuildFile; fileRef = 8F1A5E911341FB9100085CF0 /* SofterShadowsUI.m */; };
		8F1A5E951341FBF100085CF0 /* SofterShadowsUI.nib in Resources */ = {isa = PBXBuildFile; fileRef = 8F1A5E931341FBF100085CF0 /* SofterShadowsUI.nib */; };
		8F1A5EA21341FCCA00085CF0 /* SofterShadows.xml in Resources */ = {isa = PBXBuildFile; fileRef = 8F1A5EA11341FCCA00085CF0 /* SofterShadows.xml */; };
		8F1A60C91342592C00085CF0 /* blur.frag in Resources */ = {isa = PBXBuildFile; fileRef = 8F1A60C71342592C00085CF0 /* blur.frag */; };
		8F1A60CA1342592C00085CF0 /* blur.vert in Resources */ = {isa = PBXBuildFile; fileRef = 8F1A60C81342592C00085CF0 /* blur.vert */; };
		8FB35042133C9A3600A7979C /* S9Shader.m in Sources */ = {isa = PBXBuildFile; fileRef = 8FB35041133C9A3600A7979C /* S9Shader.m */; };
		8FB35342133CFFF100A7979C /* depthpcf.frag in Resources */ = {isa = PBXBuildFile; fileRef = 8FB3533E133CFFF100A7979C /* depthpcf.frag */; };
		8FB35343133CFFF100A7979C /* depthpcf.vert in Resources */ = {isa = PBXBuildFile; fileRef = 8FB3533F133CFFF100A7979C /* depthpcf.vert */; };
		8FB35344133CFFF100A7979C /* phong.frag in Resources */ = {isa = PBXBuildFile; fileRef = 8FB35340133CFFF100A7979C /* phong.frag */; };
		8FB35345133CFFF100A7979C /* phong.vert in Resources */ = {isa = PBXBuildFile; fileRef = 8FB35341133CFFF100A7979C /* phong.vert */; };
		8FB35465133D26D500A7979C /* S9Math.c in Sources */ = {isa = PBXBuildFile; fileRef = 8FB35464133D26D500A7979C /* S9Math.c */; };
		8FB354B4133D371C00A7979C /* shadow.frag in Resources */ = {isa = PBXBuildFile; fileRef = 8FB354B2133D371C00A7979C /* shadow.frag */; };
		8FB354B5133D371C00A7979C /* shadow.vert in Resources */ = {isa = PBXBuildFile; fileRef = 8FB354B3133D371C00A7979C /* shadow.vert */; };
		8FE10DA11340F72E00B56BA6 /* S9FBO2D.m in Sources */ = {isa = PBXBuildFile; fileRef = 8FE10DA01340F72E00B56BA6 /* S9FBO2D.m */; };
/* End PBXBuildFile section */

/* Begin PBXFileReference section */
		1058C7ADFEA557BF11CA2CBB /* Cocoa.framework */ = {isa = PBXFileReference; lastKnownFileType = wrapper.framework; name = Cocoa.framework; path = /System/Library/Frameworks/Cocoa.framework; sourceTree = "<absolute>"; };
		2AA7F9E110D13B7000A2DD16 /* SkankySDK.framework */ = {isa = PBXFileReference; lastKnownFileType = wrapper.framework; name = SkankySDK.framework; path = /Library/Frameworks/SkankySDK.framework; sourceTree = "<absolute>"; };
		7533202C10091AF0003756A8 /* OpenGL.framework */ = {isa = PBXFileReference; lastKnownFileType = wrapper.framework; name = OpenGL.framework; path = /System/Library/Frameworks/OpenGL.framework; sourceTree = "<absolute>"; };
		7533202E10091AF0003756A8 /* Quartz.framework */ = {isa = PBXFileReference; lastKnownFileType = wrapper.framework; name = Quartz.framework; path = /System/Library/Frameworks/Quartz.framework; sourceTree = "<absolute>"; };
		8D5B49B6048680CD000E48DA /* SoftShadows.plugin */ = {isa = PBXFileReference; explicitFileType = wrapper.cfbundle; includeInIndex = 0; path = SoftShadows.plugin; sourceTree = BUILT_PRODUCTS_DIR; };
		8D5B49B7048680CD000E48DA /* Info.plist */ = {isa = PBXFileReference; fileEncoding = 4; lastKnownFileType = text.plist.xml; path = Info.plist; sourceTree = "<group>"; };
		8F0F6BA0133B4D3C00229593 /* SoftShadows.xml */ = {isa = PBXFileReference; fileEncoding = 4; lastKnownFileType = text.xml; path = SoftShadows.xml; sourceTree = "<group>"; };
		8F0F6BAA133B4D7700229593 /* SoftShadows.h */ = {isa = PBXFileReference; fileEncoding = 4; lastKnownFileType = sourcecode.c.h; path = SoftShadows.h; sourceTree = "<group>"; };
		8F0F6BAB133B4D7700229593 /* SoftShadows.m */ = {isa = PBXFileReference; fileEncoding = 4; lastKnownFileType = sourcecode.c.objc; path = SoftShadows.m; sourceTree = "<group>"; };
		8F0F6BAD133B4D8200229593 /* SoftShadowsPrincipal.h */ = {isa = PBXFileReference; fileEncoding = 4; lastKnownFileType = sourcecode.c.h; path = SoftShadowsPrincipal.h; sourceTree = "<group>"; };
		8F0F6BAE133B4D8200229593 /* SoftShadowsPrincipal.m */ = {isa = PBXFileReference; fileEncoding = 4; lastKnownFileType = sourcecode.c.objc; path = SoftShadowsPrincipal.m; sourceTree = "<group>"; };
		8F0F6BB1133B4D8E00229593 /* SoftShadows_Prefix.pch */ = {isa = PBXFileReference; fileEncoding = 4; lastKnownFileType = sourcecode.c.h; path = SoftShadows_Prefix.pch; sourceTree = "<group>"; };
		8F0F6BB2133B4D9700229593 /* S9FBO.h */ = {isa = PBXFileReference; fileEncoding = 4; lastKnownFileType = sourcecode.c.h; path = S9FBO.h; sourceTree = "<group>"; };
		8F0F6BB3133B4D9700229593 /* S9FBO.m */ = {isa = PBXFileReference; fileEncoding = 4; lastKnownFileType = sourcecode.c.objc; path = S9FBO.m; sourceTree = "<group>"; };
		8F0F6C70133B61AE00229593 /* SoftShadowsUI.h */ = {isa = PBXFileReference; fileEncoding = 4; lastKnownFileType = sourcecode.c.h; path = SoftShadowsUI.h; sourceTree = "<group>"; };
		8F0F6C71133B61AE00229593 /* SoftShadowsUI.m */ = {isa = PBXFileReference; fileEncoding = 4; lastKnownFileType = sourcecode.c.objc; path = SoftShadowsUI.m; sourceTree = "<group>"; };
		8F0F6C9F133B627A00229593 /* English */ = {isa = PBXFileReference; lastKnownFileType = wrapper.nib; name = English; path = English.lproj/SoftShadowsUI.nib; sourceTree = "<group>"; };
		8F1A5D2C1341C9CD00085CF0 /* shadowmap.frag */ = {isa = PBXFileReference; fileEncoding = 4; lastKnownFileType = sourcecode.glsl; path = shadowmap.frag; sourceTree = "<group>"; };
		8F1A5D2D1341C9CD00085CF0 /* shadowmap.vert */ = {isa = PBXFileReference; fileEncoding = 4; lastKnownFileType = sourcecode.glsl; path = shadowmap.vert; sourceTree = "<group>"; };
		8F1A5E7D1341F25E00085CF0 /* SofterShadows.h */ = {isa = PBXFileReference; fileEncoding = 4; lastKnownFileType = sourcecode.c.h; path = SofterShadows.h; sourceTree = "<group>"; };
		8F1A5E7E1341F25E00085CF0 /* SofterShadows.m */ = {isa = PBXFileReference; fileEncoding = 4; lastKnownFileType = sourcecode.c.objc; path = SofterShadows.m; sourceTree = "<group>"; };
		8F1A5E901341FB9100085CF0 /* SofterShadowsUI.h */ = {isa = PBXFileReference; fileEncoding = 4; lastKnownFileType = sourcecode.c.h; path = SofterShadowsUI.h; sourceTree = "<group>"; };
		8F1A5E911341FB9100085CF0 /* SofterShadowsUI.m */ = {isa = PBXFileReference; fileEncoding = 4; lastKnownFileType = sourcecode.c.objc; path = SofterShadowsUI.m; sourceTree = "<group>"; };
		8F1A5E941341FBF100085CF0 /* English */ = {isa = PBXFileReference; lastKnownFileType = wrapper.nib; name = English; path = English.lproj/SofterShadowsUI.nib; sourceTree = "<group>"; };
		8F1A5EA11341FCCA00085CF0 /* SofterShadows.xml */ = {isa = PBXFileReference; fileEncoding = 4; lastKnownFileType = text.xml; path = SofterShadows.xml; sourceTree = "<group>"; };
		8F1A60C71342592C00085CF0 /* blur.frag */ = {isa = PBXFileReference; fileEncoding = 4; lastKnownFileType = sourcecode.glsl; path = blur.frag; sourceTree = "<group>"; };
		8F1A60C81342592C00085CF0 /* blur.vert */ = {isa = PBXFileReference; fileEncoding = 4; lastKnownFileType = sourcecode.glsl; path = blur.vert; sourceTree = "<group>"; };
		8FB35040133C9A3600A7979C /* S9Shader.h */ = {isa = PBXFileReference; fileEncoding = 4; lastKnownFileType = sourcecode.c.h; path = S9Shader.h; sourceTree = "<group>"; };
		8FB35041133C9A3600A7979C /* S9Shader.m */ = {isa = PBXFileReference; fileEncoding = 4; lastKnownFileType = sourcecode.c.objc; path = S9Shader.m; sourceTree = "<group>"; };
		8FB3533E133CFFF100A7979C /* depthpcf.frag */ = {isa = PBXFileReference; fileEncoding = 4; lastKnownFileType = sourcecode.glsl; name = depthpcf.frag; path = Resources/depthpcf.frag; sourceTree = "<group>"; };
		8FB3533F133CFFF100A7979C /* depthpcf.vert */ = {isa = PBXFileReference; fileEncoding = 4; lastKnownFileType = sourcecode.glsl; name = depthpcf.vert; path = Resources/depthpcf.vert; sourceTree = "<group>"; };
		8FB35340133CFFF100A7979C /* phong.frag */ = {isa = PBXFileReference; fileEncoding = 4; lastKnownFileType = sourcecode.glsl; name = phong.frag; path = Resources/phong.frag; sourceTree = "<group>"; };
		8FB35341133CFFF100A7979C /* phong.vert */ = {isa = PBXFileReference; fileEncoding = 4; lastKnownFileType = sourcecode.glsl; name = phong.vert; path = Resources/phong.vert; sourceTree = "<group>"; };
		8FB35463133D26D500A7979C /* S9Math.h */ = {isa = PBXFileReference; fileEncoding = 4; lastKnownFileType = sourcecode.c.h; path = S9Math.h; sourceTree = "<group>"; };
		8FB35464133D26D500A7979C /* S9Math.c */ = {isa = PBXFileReference; fileEncoding = 4; lastKnownFileType = sourcecode.c.c; path = S9Math.c; sourceTree = "<group>"; };
		8FB354B2133D371C00A7979C /* shadow.frag */ = {isa = PBXFileReference; fileEncoding = 4; lastKnownFileType = sourcecode.glsl; name = shadow.frag; path = Resources/shadow.frag; sourceTree = "<group>"; };
		8FB354B3133D371C00A7979C /* shadow.vert */ = {isa = PBXFileReference; fileEncoding = 4; lastKnownFileType = sourcecode.glsl; name = shadow.vert; path = Resources/shadow.vert; sourceTree = "<group>"; };
		8FE10D9F1340F72E00B56BA6 /* S9FBO2D.h */ = {isa = PBXFileReference; fileEncoding = 4; lastKnownFileType = sourcecode.c.h; path = S9FBO2D.h; sourceTree = "<group>"; };
		8FE10DA01340F72E00B56BA6 /* S9FBO2D.m */ = {isa = PBXFileReference; fileEncoding = 4; lastKnownFileType = sourcecode.c.objc; path = S9FBO2D.m; sourceTree = "<group>"; };
/* End PBXFileReference section */

/* Begin PBXFrameworksBuildPhase section */
		8D5B49B3048680CD000E48DA /* Frameworks */ = {
			isa = PBXFrameworksBuildPhase;
			buildActionMask = 2147483647;
			files = (
				8D5B49B4048680CD000E48DA /* Cocoa.framework in Frameworks */,
				7533202D10091AF0003756A8 /* OpenGL.framework in Frameworks */,
				7533202F10091AF0003756A8 /* Quartz.framework in Frameworks */,
			);
			runOnlyForDeploymentPostprocessing = 0;
		};
/* End PBXFrameworksBuildPhase section */

/* Begin PBXGroup section */
		089C166AFE841209C02AAC07 /* HelloWorld */ = {
			isa = PBXGroup;
			children = (
				08FB77AFFE84173DC02AAC07 /* Classes */,
				089C167CFE841241C02AAC07 /* Resources */,
				089C1671FE841209C02AAC07 /* Frameworks and Libraries */,
				32C88E010371C26100C91783 /* Other Sources */,
				19C28FB8FE9D52D311CA2CBB /* Products */,
			);
			name = HelloWorld;
			sourceTree = "<group>";
		};
		089C1671FE841209C02AAC07 /* Frameworks and Libraries */ = {
			isa = PBXGroup;
			children = (
				1058C7ACFEA557BF11CA2CBB /* Linked Frameworks */,
			);
			name = "Frameworks and Libraries";
			sourceTree = "<group>";
		};
		089C167CFE841241C02AAC07 /* Resources */ = {
			isa = PBXGroup;
			children = (
				8FB350B5133CA06700A7979C /* Shaders */,
				8F1A5E931341FBF100085CF0 /* SofterShadowsUI.nib */,
				8F0F6C9E133B627A00229593 /* SoftShadowsUI.nib */,
				8F0F6BA0133B4D3C00229593 /* SoftShadows.xml */,
				8F1A5EA11341FCCA00085CF0 /* SofterShadows.xml */,
				8D5B49B7048680CD000E48DA /* Info.plist */,
			);
			name = Resources;
			sourceTree = "<group>";
		};
		08FB77AFFE84173DC02AAC07 /* Classes */ = {
			isa = PBXGroup;
			children = (
				8FB35044133C9A3C00A7979C /* Utility */,
				8F0F6BAD133B4D8200229593 /* SoftShadowsPrincipal.h */,
				8F0F6BAE133B4D8200229593 /* SoftShadowsPrincipal.m */,
				75AA971B10093C25000986A3 /* Patches */,
			);
			name = Classes;
			sourceTree = "<group>";
		};
		1058C7ACFEA557BF11CA2CBB /* Linked Frameworks */ = {
			isa = PBXGroup;
			children = (
				2AA7F9E110D13B7000A2DD16 /* SkankySDK.framework */,
				1058C7ADFEA557BF11CA2CBB /* Cocoa.framework */,
				7533202C10091AF0003756A8 /* OpenGL.framework */,
				7533202E10091AF0003756A8 /* Quartz.framework */,
			);
			name = "Linked Frameworks";
			sourceTree = "<group>";
		};
		19C28FB8FE9D52D311CA2CBB /* Products */ = {
			isa = PBXGroup;
			children = (
				8D5B49B6048680CD000E48DA /* SoftShadows.plugin */,
			);
			name = Products;
			sourceTree = "<group>";
		};
		32C88E010371C26100C91783 /* Other Sources */ = {
			isa = PBXGroup;
			children = (
				8F0F6BB1133B4D8E00229593 /* SoftShadows_Prefix.pch */,
			);
			name = "Other Sources";
			sourceTree = "<group>";
		};
		75AA971B10093C25000986A3 /* Patches */ = {
			isa = PBXGroup;
			children = (
				8F1A5FB313421DDB00085CF0 /* Softer */,
				8F1A5FB213421DCA00085CF0 /* Soft */,
			);
			name = Patches;
			sourceTree = "<group>";
		};
		8F1A5FB213421DCA00085CF0 /* Soft */ = {
			isa = PBXGroup;
			children = (
				8F0F6BAA133B4D7700229593 /* SoftShadows.h */,
				8F0F6BAB133B4D7700229593 /* SoftShadows.m */,
				8F0F6C70133B61AE00229593 /* SoftShadowsUI.h */,
				8F0F6C71133B61AE00229593 /* SoftShadowsUI.m */,
			);
			name = Soft;
			sourceTree = "<group>";
		};
		8F1A5FB313421DDB00085CF0 /* Softer */ = {
			isa = PBXGroup;
			children = (
				8F1A5E7D1341F25E00085CF0 /* SofterShadows.h */,
				8F1A5E7E1341F25E00085CF0 /* SofterShadows.m */,
				8F1A5E901341FB9100085CF0 /* SofterShadowsUI.h */,
				8F1A5E911341FB9100085CF0 /* SofterShadowsUI.m */,
			);
			name = Softer;
			sourceTree = "<group>";
		};
		8FB35044133C9A3C00A7979C /* Utility */ = {
			isa = PBXGroup;
			children = (
				8FB35040133C9A3600A7979C /* S9Shader.h */,
				8FB35041133C9A3600A7979C /* S9Shader.m */,
				8F0F6BB2133B4D9700229593 /* S9FBO.h */,
				8F0F6BB3133B4D9700229593 /* S9FBO.m */,
				8FB35463133D26D500A7979C /* S9Math.h */,
				8FB35464133D26D500A7979C /* S9Math.c */,
				8FE10D9F1340F72E00B56BA6 /* S9FBO2D.h */,
				8FE10DA01340F72E00B56BA6 /* S9FBO2D.m */,
			);
			name = Utility;
			sourceTree = "<group>";
		};
		8FB350B5133CA06700A7979C /* Shaders */ = {
			isa = PBXGroup;
			children = (
				8F1A60C71342592C00085CF0 /* blur.frag */,
				8F1A60C81342592C00085CF0 /* blur.vert */,
				8F1A5D2C1341C9CD00085CF0 /* shadowmap.frag */,
				8F1A5D2D1341C9CD00085CF0 /* shadowmap.vert */,
				8FB354B2133D371C00A7979C /* shadow.frag */,
				8FB354B3133D371C00A7979C /* shadow.vert */,
				8FB3533E133CFFF100A7979C /* depthpcf.frag */,
				8FB3533F133CFFF100A7979C /* depthpcf.vert */,
				8FB35340133CFFF100A7979C /* phong.frag */,
				8FB35341133CFFF100A7979C /* phong.vert */,
			);
			name = Shaders;
			sourceTree = "<group>";
		};
/* End PBXGroup section */

/* Begin PBXNativeTarget section */
		8D5B49AC048680CD000E48DA /* SoftShadows */ = {
			isa = PBXNativeTarget;
			buildConfigurationList = 1DEB913A08733D840010E9CD /* Build configuration list for PBXNativeTarget "SoftShadows" */;
			buildPhases = (
				8D5B49B1048680CD000E48DA /* Sources */,
				8D5B49B3048680CD000E48DA /* Frameworks */,
				8D5B49AF048680CD000E48DA /* Resources */,
				7533205110091C18003756A8 /* PostProcessing */,
			);
			buildRules = (
			);
			dependencies = (
			);
			name = SoftShadows;
			productInstallPath = "$(HOME)/Library/Bundles";
			productName = HelloWorld;
			productReference = 8D5B49B6048680CD000E48DA /* SoftShadows.plugin */;
			productType = "com.apple.product-type.bundle";
		};
/* End PBXNativeTarget section */

/* Begin PBXProject section */
		089C1669FE841209C02AAC07 /* Project object */ = {
			isa = PBXProject;
			attributes = {
				BuildIndependentTargetsInParallel = YES;
			};
			buildConfigurationList = 1DEB913E08733D840010E9CD /* Build configuration list for PBXProject "SoftShadows" */;
			compatibilityVersion = "Xcode 3.1";
			developmentRegion = English;
			hasScannedForEncodings = 1;
			knownRegions = (
				English,
				Japanese,
				French,
				German,
			);
			mainGroup = 089C166AFE841209C02AAC07 /* HelloWorld */;
			projectDirPath = "";
			projectRoot = "";
			targets = (
				8D5B49AC048680CD000E48DA /* SoftShadows */,
			);
		};
/* End PBXProject section */

/* Begin PBXResourcesBuildPhase section */
		8D5B49AF048680CD000E48DA /* Resources */ = {
			isa = PBXResourcesBuildPhase;
			buildActionMask = 2147483647;
			files = (
				8F1A60C91342592C00085CF0 /* blur.frag in Resources */,
				8F1A60CA1342592C00085CF0 /* blur.vert in Resources */,
				8FB354B4133D371C00A7979C /* shadow.frag in Resources */,
				8FB354B5133D371C00A7979C /* shadow.vert in Resources */,
				8FB35342133CFFF100A7979C /* depthpcf.frag in Resources */,
				8FB35343133CFFF100A7979C /* depthpcf.vert in Resources */,
				8FB35344133CFFF100A7979C /* phong.frag in Resources */,
				8FB35345133CFFF100A7979C /* phong.vert in Resources */,
				8F0F6BA1133B4D3C00229593 /* SoftShadows.xml in Resources */,
				8F0F6CA0133B627A00229593 /* SoftShadowsUI.nib in Resources */,
				8F1A5D2E1341C9CD00085CF0 /* shadowmap.frag in Resources */,
				8F1A5D2F1341C9CD00085CF0 /* shadowmap.vert in Resources */,
				8F1A5E951341FBF100085CF0 /* SofterShadowsUI.nib in Resources */,
				8F1A5EA21341FCCA00085CF0 /* SofterShadows.xml in Resources */,
			);
			runOnlyForDeploymentPostprocessing = 0;
		};
/* End PBXResourcesBuildPhase section */

/* Begin PBXShellScriptBuildPhase section */
		7533205110091C18003756A8 /* PostProcessing */ = {
			isa = PBXShellScriptBuildPhase;
			buildActionMask = 2147483647;
			files = (
			);
			inputPaths = (
			);
			name = PostProcessing;
			outputPaths = (
			);
			runOnlyForDeploymentPostprocessing = 0;
			shellPath = /bin/sh;
			shellScript = "php /Library/Frameworks/SkankySDK.framework/Resources/plugin-postprocess.php \"$TARGET_BUILD_DIR/$FULL_PRODUCT_NAME\"\n";
		};
/* End PBXShellScriptBuildPhase section */

/* Begin PBXSourcesBuildPhase section */
		8D5B49B1048680CD000E48DA /* Sources */ = {
			isa = PBXSourcesBuildPhase;
			buildActionMask = 2147483647;
			files = (
				8F0F6BAC133B4D7700229593 /* SoftShadows.m in Sources */,
				8F0F6BAF133B4D8200229593 /* SoftShadowsPrincipal.m in Sources */,
				8F0F6BB4133B4D9700229593 /* S9FBO.m in Sources */,
				8F0F6C72133B61AE00229593 /* SoftShadowsUI.m in Sources */,
				8FB35042133C9A3600A7979C /* S9Shader.m in Sources */,
				8FB35465133D26D500A7979C /* S9Math.c in Sources */,
				8FE10DA11340F72E00B56BA6 /* S9FBO2D.m in Sources */,
				8F1A5E7F1341F25E00085CF0 /* SofterShadows.m in Sources */,
				8F1A5E921341FB9100085CF0 /* SofterShadowsUI.m in Sources */,
			);
			runOnlyForDeploymentPostprocessing = 0;
		};
/* End PBXSourcesBuildPhase section */

/* Begin PBXVariantGroup section */
		8F0F6C9E133B627A00229593 /* SoftShadowsUI.nib */ = {
			isa = PBXVariantGroup;
			children = (
				8F0F6C9F133B627A00229593 /* English */,
			);
			name = SoftShadowsUI.nib;
			sourceTree = "<group>";
		};
		8F1A5E931341FBF100085CF0 /* SofterShadowsUI.nib */ = {
			isa = PBXVariantGroup;
			children = (
				8F1A5E941341FBF100085CF0 /* English */,
			);
			name = SofterShadowsUI.nib;
			sourceTree = "<group>";
		};
/* End PBXVariantGroup section */

/* Begin XCBuildConfiguration section */
		1DEB913C08733D840010E9CD /* Release */ = {
			isa = XCBuildConfiguration;
			buildSettings = {
				GCC_PREFIX_HEADER = SoftShadows_Prefix.pch;
				INFOPLIST_FILE = Info.plist;
				PRODUCT_NAME = SoftShadows;
			};
			name = Release;
		};
		1DEB914008733D840010E9CD /* Release */ = {
			isa = XCBuildConfiguration;
			buildSettings = {
				ARCHS = "$(ARCHS_STANDARD_32_64_BIT)";
				DEAD_CODE_STRIPPING = YES;
				DEBUG_INFORMATION_FORMAT = dwarf;
				GCC_AUTO_VECTORIZATION = YES;
				GCC_C_LANGUAGE_STANDARD = gnu99;
				GCC_ENABLE_OBJC_GC = supported;
				GCC_MODEL_TUNING = G5;
				GCC_NO_COMMON_BLOCKS = YES;
				GCC_OPTIMIZATION_LEVEL = s;
				GCC_PRECOMPILE_PREFIX_HEADER = YES;
				GCC_STRICT_ALIASING = YES;
				GCC_SYMBOLS_PRIVATE_EXTERN = YES;
				GCC_VERSION = com.apple.compilers.llvmgcc42;
				GCC_WARN_ABOUT_RETURN_TYPE = YES;
				GCC_WARN_UNUSED_VARIABLE = YES;
				MACH_O_TYPE = mh_bundle;
				PREBINDING = NO;
				RUN_CLANG_STATIC_ANALYZER = YES;
				SDKROOT = macosx10.5;
				SYMROOT = $TMPDIR/build;
				WRAPPER_EXTENSION = plugin;
			};
			name = Release;
		};
/* End XCBuildConfiguration section */

/* Begin XCConfigurationList section */
		1DEB913A08733D840010E9CD /* Build configuration list for PBXNativeTarget "SoftShadows" */ = {
			isa = XCConfigurationList;
			buildConfigurations = (
				1DEB913C08733D840010E9CD /* Release */,
			);
			defaultConfigurationIsVisible = 0;
			defaultConfigurationName = Release;
		};
		1DEB913E08733D840010E9CD /* Build configuration list for PBXProject "SoftShadows" */ = {
			isa = XCConfigurationList;
			buildConfigurations = (
				1DEB914008733D840010E9CD /* Release */,
			);
			defaultConfigurationIsVisible = 0;
			defaultConfigurationName = Release;
		};
/* End XCConfigurationList section */
	};
	rootObject = 089C1669FE841209C02AAC07 /* Project object */;
}
